
Microsoft Visual Studio Solution File, Format Version 12.00
# Visual Studio 15
VisualStudioVersion = 15.0.27703.2042
MinimumVisualStudioVersion = 10.0.40219.1
Project("{8BC9CEB8-8B4A-11D0-8D11-00A0C91BC942}") = "SpecialBallThrow2", "SpecialBallThrow2\SpecialBallThrow2.vcxproj", "{3E90B25B-DCAC-473F-ADC0-4FD1E495B729}"
EndProject
Global
	GlobalSection(SolutionConfigurationPlatforms) = preSolution
		Debug|x64 = Debug|x64
		Debug|x86 = Debug|x86
		Release|x64 = Release|x64
		Release|x86 = Release|x86
	EndGlobalSection
	GlobalSection(ProjectConfigurationPlatforms) = postSolution
		{3E90B25B-DCAC-473F-ADC0-4FD1E495B729}.Debug|x64.ActiveCfg = Debug|x64
		{3E90B25B-DCAC-473F-ADC0-4FD1E495B729}.Debug|x64.Build.0 = Debug|x64
		{3E90B25B-DCAC-473F-ADC0-4FD1E495B729}.Debug|x86.ActiveCfg = Debug|Win32
		{3E90B25B-DCAC-473F-ADC0-4FD1E495B729}.Debug|x86.Build.0 = Debug|Win32
		{3E90B25B-DCAC-473F-ADC0-4FD1E495B729}.Release|x64.ActiveCfg = Release|x64
		{3E90B25B-DCAC-473F-ADC0-4FD1E495B729}.Release|x64.Build.0 = Release|x64
		{3E90B25B-DCAC-473F-ADC0-4FD1E495B729}.Release|x86.ActiveCfg = Release|Win32
		{3E90B25B-DCAC-473F-ADC0-4FD1E495B729}.Release|x86.Build.0 = Release|Win32
	EndGlobalSection
	GlobalSection(SolutionProperties) = preSolution
		HideSolutionNode = FALSE
	EndGlobalSection
	GlobalSection(ExtensibilityGlobals) = postSolution
		SolutionGuid = {96805078-478D-4086-8B2C-E54113615BA9}
	EndGlobalSection
EndGlobal
