
Microsoft Visual Studio Solution File, Format Version 12.00
# Visual Studio 15
VisualStudioVersion = 15.0.27703.2042
MinimumVisualStudioVersion = 10.0.40219.1
Project("{8BC9CEB8-8B4A-11D0-8D11-00A0C91BC942}") = "ProbabilityOfDice", "ProbabilityOfDice\ProbabilityOfDice.vcxproj", "{9CA26575-FF2B-442E-88EC-635D45953507}"
EndProject
Global
	GlobalSection(SolutionConfigurationPlatforms) = preSolution
		Debug|x64 = Debug|x64
		Debug|x86 = Debug|x86
		Release|x64 = Release|x64
		Release|x86 = Release|x86
	EndGlobalSection
	GlobalSection(ProjectConfigurationPlatforms) = postSolution
		{9CA26575-FF2B-442E-88EC-635D45953507}.Debug|x64.ActiveCfg = Debug|x64
		{9CA26575-FF2B-442E-88EC-635D45953507}.Debug|x64.Build.0 = Debug|x64
		{9CA26575-FF2B-442E-88EC-635D45953507}.Debug|x86.ActiveCfg = Debug|Win32
		{9CA26575-FF2B-442E-88EC-635D45953507}.Debug|x86.Build.0 = Debug|Win32
		{9CA26575-FF2B-442E-88EC-635D45953507}.Release|x64.ActiveCfg = Release|x64
		{9CA26575-FF2B-442E-88EC-635D45953507}.Release|x64.Build.0 = Release|x64
		{9CA26575-FF2B-442E-88EC-635D45953507}.Release|x86.ActiveCfg = Release|Win32
		{9CA26575-FF2B-442E-88EC-635D45953507}.Release|x86.Build.0 = Release|Win32
	EndGlobalSection
	GlobalSection(SolutionProperties) = preSolution
		HideSolutionNode = FALSE
	EndGlobalSection
	GlobalSection(ExtensibilityGlobals) = postSolution
		SolutionGuid = {89E0AFC2-1C49-4559-B315-8BB5A05F50C5}
	EndGlobalSection
EndGlobal
